// !$*UTF8*$!
{
	archiveVersion = 1;
	classes = {
	};
	objectVersion = 50;
	objects = {

/* Begin PBXBuildFile section */
		E719465421B75CDD00F3DA4E /* Day4.swift in Sources */ = {isa = PBXBuildFile; fileRef = E719465321B75CDD00F3DA4E /* Day4.swift */; };
		E719465721B75CFE00F3DA4E /* day4-input.txt in Resources */ = {isa = PBXBuildFile; fileRef = E719465621B75CFE00F3DA4E /* day4-input.txt */; };
		E719465921B75D1200F3DA4E /* Day4Tests.swift in Sources */ = {isa = PBXBuildFile; fileRef = E719465821B75D1200F3DA4E /* Day4Tests.swift */; };
		E719465B21B75D2E00F3DA4E /* SecurityGuard.swift in Sources */ = {isa = PBXBuildFile; fileRef = E719465A21B75D2E00F3DA4E /* SecurityGuard.swift */; };
		E75514CF21B833380094FEEE /* SecurityGuardStringProcessor.swift in Sources */ = {isa = PBXBuildFile; fileRef = E75514CE21B833380094FEEE /* SecurityGuardStringProcessor.swift */; };
		E75514D121BAE02E0094FEEE /* Day5Tests.swift in Sources */ = {isa = PBXBuildFile; fileRef = E75514D021BAE02E0094FEEE /* Day5Tests.swift */; };
		E75514D421BAE1790094FEEE /* Day5.swift in Sources */ = {isa = PBXBuildFile; fileRef = E75514D321BAE1790094FEEE /* Day5.swift */; };
		E75514D621BAE1A10094FEEE /* day5-input.txt in Resources */ = {isa = PBXBuildFile; fileRef = E75514D521BAE1A10094FEEE /* day5-input.txt */; };
		E7C97F3121B477540044A828 /* AppDelegate.swift in Sources */ = {isa = PBXBuildFile; fileRef = E7C97F3021B477540044A828 /* AppDelegate.swift */; };
		E7C97F3321B477540044A828 /* ViewController.swift in Sources */ = {isa = PBXBuildFile; fileRef = E7C97F3221B477540044A828 /* ViewController.swift */; };
		E7C97F3621B477540044A828 /* Main.storyboard in Resources */ = {isa = PBXBuildFile; fileRef = E7C97F3421B477540044A828 /* Main.storyboard */; };
		E7C97F3821B477560044A828 /* Assets.xcassets in Resources */ = {isa = PBXBuildFile; fileRef = E7C97F3721B477560044A828 /* Assets.xcassets */; };
		E7C97F3B21B477560044A828 /* LaunchScreen.storyboard in Resources */ = {isa = PBXBuildFile; fileRef = E7C97F3921B477560044A828 /* LaunchScreen.storyboard */; };
		E7C97F5121B477560044A828 /* AdventOfCodeUITests.swift in Sources */ = {isa = PBXBuildFile; fileRef = E7C97F5021B477560044A828 /* AdventOfCodeUITests.swift */; };
		E7C97F5F21B477BB0044A828 /* day1-input.txt in Resources */ = {isa = PBXBuildFile; fileRef = E7C97F5E21B477BB0044A828 /* day1-input.txt */; };
		E7C97F6121B477D40044A828 /* Day1.swift in Sources */ = {isa = PBXBuildFile; fileRef = E7C97F6021B477D40044A828 /* Day1.swift */; };
		E7C97F6321B4BE470044A828 /* Day1Tests.swift in Sources */ = {isa = PBXBuildFile; fileRef = E7C97F6221B4BE470044A828 /* Day1Tests.swift */; };
		E7C97F6721B5C15D0044A828 /* day2-input.txt in Resources */ = {isa = PBXBuildFile; fileRef = E7C97F6621B5C15D0044A828 /* day2-input.txt */; };
		E7C97F6921B5C1A60044A828 /* Bundle+AOC.swift in Sources */ = {isa = PBXBuildFile; fileRef = E7C97F6821B5C1A60044A828 /* Bundle+AOC.swift */; };
		E7C97F6B21B5C23E0044A828 /* Day2.swift in Sources */ = {isa = PBXBuildFile; fileRef = E7C97F6A21B5C23E0044A828 /* Day2.swift */; };
		E7C97F6D21B5C2B50044A828 /* Day2Tests.swift in Sources */ = {isa = PBXBuildFile; fileRef = E7C97F6C21B5C2B50044A828 /* Day2Tests.swift */; };
		E7C97F7021B5D3010044A828 /* Claim.swift in Sources */ = {isa = PBXBuildFile; fileRef = E7C97F6F21B5D3010044A828 /* Claim.swift */; };
		E7C97F7221B5D3360044A828 /* Day3Tests.swift in Sources */ = {isa = PBXBuildFile; fileRef = E7C97F7121B5D3360044A828 /* Day3Tests.swift */; };
		E7C97F7421B5D5FE0044A828 /* day3-input.txt in Resources */ = {isa = PBXBuildFile; fileRef = E7C97F7321B5D5FE0044A828 /* day3-input.txt */; };
		E7C97F7621B5D6070044A828 /* Day3.swift in Sources */ = {isa = PBXBuildFile; fileRef = E7C97F7521B5D6070044A828 /* Day3.swift */; };
/* End PBXBuildFile section */

/* Begin PBXContainerItemProxy section */
		E7C97F4221B477560044A828 /* PBXContainerItemProxy */ = {
			isa = PBXContainerItemProxy;
			containerPortal = E7C97F2521B477540044A828 /* Project object */;
			proxyType = 1;
			remoteGlobalIDString = E7C97F2C21B477540044A828;
			remoteInfo = AdventOfCode;
		};
		E7C97F4D21B477560044A828 /* PBXContainerItemProxy */ = {
			isa = PBXContainerItemProxy;
			containerPortal = E7C97F2521B477540044A828 /* Project object */;
			proxyType = 1;
			remoteGlobalIDString = E7C97F2C21B477540044A828;
			remoteInfo = AdventOfCode;
		};
/* End PBXContainerItemProxy section */

/* Begin PBXFileReference section */
		E719465321B75CDD00F3DA4E /* Day4.swift */ = {isa = PBXFileReference; lastKnownFileType = sourcecode.swift; path = Day4.swift; sourceTree = "<group>"; };
		E719465621B75CFE00F3DA4E /* day4-input.txt */ = {isa = PBXFileReference; fileEncoding = 4; lastKnownFileType = text; path = "day4-input.txt"; sourceTree = "<group>"; };
		E719465821B75D1200F3DA4E /* Day4Tests.swift */ = {isa = PBXFileReference; lastKnownFileType = sourcecode.swift; path = Day4Tests.swift; sourceTree = "<group>"; };
		E719465A21B75D2E00F3DA4E /* SecurityGuard.swift */ = {isa = PBXFileReference; lastKnownFileType = sourcecode.swift; path = SecurityGuard.swift; sourceTree = "<group>"; };
		E75514CE21B833380094FEEE /* SecurityGuardStringProcessor.swift */ = {isa = PBXFileReference; lastKnownFileType = sourcecode.swift; path = SecurityGuardStringProcessor.swift; sourceTree = "<group>"; };
		E75514D021BAE02E0094FEEE /* Day5Tests.swift */ = {isa = PBXFileReference; lastKnownFileType = sourcecode.swift; path = Day5Tests.swift; sourceTree = "<group>"; };
		E75514D321BAE1790094FEEE /* Day5.swift */ = {isa = PBXFileReference; lastKnownFileType = sourcecode.swift; path = Day5.swift; sourceTree = "<group>"; };
		E75514D521BAE1A10094FEEE /* day5-input.txt */ = {isa = PBXFileReference; fileEncoding = 4; lastKnownFileType = text; path = "day5-input.txt"; sourceTree = "<group>"; };
		E7C97F2D21B477540044A828 /* AdventOfCode.app */ = {isa = PBXFileReference; explicitFileType = wrapper.application; includeInIndex = 0; path = AdventOfCode.app; sourceTree = BUILT_PRODUCTS_DIR; };
		E7C97F3021B477540044A828 /* AppDelegate.swift */ = {isa = PBXFileReference; lastKnownFileType = sourcecode.swift; path = AppDelegate.swift; sourceTree = "<group>"; };
		E7C97F3221B477540044A828 /* ViewController.swift */ = {isa = PBXFileReference; lastKnownFileType = sourcecode.swift; path = ViewController.swift; sourceTree = "<group>"; };
		E7C97F3521B477540044A828 /* Base */ = {isa = PBXFileReference; lastKnownFileType = file.storyboard; name = Base; path = Base.lproj/Main.storyboard; sourceTree = "<group>"; };
		E7C97F3721B477560044A828 /* Assets.xcassets */ = {isa = PBXFileReference; lastKnownFileType = folder.assetcatalog; path = Assets.xcassets; sourceTree = "<group>"; };
		E7C97F3A21B477560044A828 /* Base */ = {isa = PBXFileReference; lastKnownFileType = file.storyboard; name = Base; path = Base.lproj/LaunchScreen.storyboard; sourceTree = "<group>"; };
		E7C97F3C21B477560044A828 /* Info.plist */ = {isa = PBXFileReference; lastKnownFileType = text.plist.xml; path = Info.plist; sourceTree = "<group>"; };
		E7C97F4121B477560044A828 /* AdventOfCodeTests.xctest */ = {isa = PBXFileReference; explicitFileType = wrapper.cfbundle; includeInIndex = 0; path = AdventOfCodeTests.xctest; sourceTree = BUILT_PRODUCTS_DIR; };
		E7C97F4721B477560044A828 /* Info.plist */ = {isa = PBXFileReference; lastKnownFileType = text.plist.xml; path = Info.plist; sourceTree = "<group>"; };
		E7C97F4C21B477560044A828 /* AdventOfCodeUITests.xctest */ = {isa = PBXFileReference; explicitFileType = wrapper.cfbundle; includeInIndex = 0; path = AdventOfCodeUITests.xctest; sourceTree = BUILT_PRODUCTS_DIR; };
		E7C97F5021B477560044A828 /* AdventOfCodeUITests.swift */ = {isa = PBXFileReference; lastKnownFileType = sourcecode.swift; path = AdventOfCodeUITests.swift; sourceTree = "<group>"; };
		E7C97F5221B477560044A828 /* Info.plist */ = {isa = PBXFileReference; lastKnownFileType = text.plist.xml; path = Info.plist; sourceTree = "<group>"; };
		E7C97F5E21B477BB0044A828 /* day1-input.txt */ = {isa = PBXFileReference; fileEncoding = 4; lastKnownFileType = text; path = "day1-input.txt"; sourceTree = "<group>"; };
		E7C97F6021B477D40044A828 /* Day1.swift */ = {isa = PBXFileReference; lastKnownFileType = sourcecode.swift; path = Day1.swift; sourceTree = "<group>"; };
		E7C97F6221B4BE470044A828 /* Day1Tests.swift */ = {isa = PBXFileReference; lastKnownFileType = sourcecode.swift; path = Day1Tests.swift; sourceTree = "<group>"; };
		E7C97F6621B5C15D0044A828 /* day2-input.txt */ = {isa = PBXFileReference; fileEncoding = 4; lastKnownFileType = text; path = "day2-input.txt"; sourceTree = "<group>"; };
		E7C97F6821B5C1A60044A828 /* Bundle+AOC.swift */ = {isa = PBXFileReference; lastKnownFileType = sourcecode.swift; path = "Bundle+AOC.swift"; sourceTree = "<group>"; };
		E7C97F6A21B5C23E0044A828 /* Day2.swift */ = {isa = PBXFileReference; lastKnownFileType = sourcecode.swift; path = Day2.swift; sourceTree = "<group>"; };
		E7C97F6C21B5C2B50044A828 /* Day2Tests.swift */ = {isa = PBXFileReference; lastKnownFileType = sourcecode.swift; path = Day2Tests.swift; sourceTree = "<group>"; };
		E7C97F6F21B5D3010044A828 /* Claim.swift */ = {isa = PBXFileReference; lastKnownFileType = sourcecode.swift; path = Claim.swift; sourceTree = "<group>"; };
		E7C97F7121B5D3360044A828 /* Day3Tests.swift */ = {isa = PBXFileReference; lastKnownFileType = sourcecode.swift; path = Day3Tests.swift; sourceTree = "<group>"; };
		E7C97F7321B5D5FE0044A828 /* day3-input.txt */ = {isa = PBXFileReference; fileEncoding = 4; lastKnownFileType = text; path = "day3-input.txt"; sourceTree = "<group>"; };
		E7C97F7521B5D6070044A828 /* Day3.swift */ = {isa = PBXFileReference; lastKnownFileType = sourcecode.swift; path = Day3.swift; sourceTree = "<group>"; };
/* End PBXFileReference section */

/* Begin PBXFrameworksBuildPhase section */
		E7C97F2A21B477540044A828 /* Frameworks */ = {
			isa = PBXFrameworksBuildPhase;
			buildActionMask = 2147483647;
			files = (
			);
			runOnlyForDeploymentPostprocessing = 0;
		};
		E7C97F3E21B477560044A828 /* Frameworks */ = {
			isa = PBXFrameworksBuildPhase;
			buildActionMask = 2147483647;
			files = (
			);
			runOnlyForDeploymentPostprocessing = 0;
		};
		E7C97F4921B477560044A828 /* Frameworks */ = {
			isa = PBXFrameworksBuildPhase;
			buildActionMask = 2147483647;
			files = (
			);
			runOnlyForDeploymentPostprocessing = 0;
		};
/* End PBXFrameworksBuildPhase section */

/* Begin PBXGroup section */
		E719465521B75CE700F3DA4E /* Day4 */ = {
			isa = PBXGroup;
			children = (
				E719465621B75CFE00F3DA4E /* day4-input.txt */,
				E719465321B75CDD00F3DA4E /* Day4.swift */,
				E719465A21B75D2E00F3DA4E /* SecurityGuard.swift */,
				E75514CE21B833380094FEEE /* SecurityGuardStringProcessor.swift */,
			);
			path = Day4;
			sourceTree = "<group>";
		};
		E75514D221BAE16A0094FEEE /* Day5 */ = {
			isa = PBXGroup;
			children = (
				E75514D521BAE1A10094FEEE /* day5-input.txt */,
				E75514D321BAE1790094FEEE /* Day5.swift */,
			);
			path = Day5;
			sourceTree = "<group>";
		};
		E7C97F2421B477540044A828 = {
			isa = PBXGroup;
			children = (
				E7C97F2F21B477540044A828 /* AdventOfCode */,
				E7C97F4421B477560044A828 /* AdventOfCodeTests */,
				E7C97F4F21B477560044A828 /* AdventOfCodeUITests */,
				E7C97F2E21B477540044A828 /* Products */,
			);
			sourceTree = "<group>";
		};
		E7C97F2E21B477540044A828 /* Products */ = {
			isa = PBXGroup;
			children = (
				E7C97F2D21B477540044A828 /* AdventOfCode.app */,
				E7C97F4121B477560044A828 /* AdventOfCodeTests.xctest */,
				E7C97F4C21B477560044A828 /* AdventOfCodeUITests.xctest */,
			);
			name = Products;
			sourceTree = "<group>";
		};
		E7C97F2F21B477540044A828 /* AdventOfCode */ = {
			isa = PBXGroup;
			children = (
				E7C97F6421B4BE610044A828 /* Day1 */,
				E7C97F6521B5C14C0044A828 /* Day2 */,
				E7C97F6E21B5D2F30044A828 /* Day3 */,
				E719465521B75CE700F3DA4E /* Day4 */,
				E75514D221BAE16A0094FEEE /* Day5 */,
				E7C97F3021B477540044A828 /* AppDelegate.swift */,
				E7C97F3221B477540044A828 /* ViewController.swift */,
				E7C97F6821B5C1A60044A828 /* Bundle+AOC.swift */,
				E7C97F3421B477540044A828 /* Main.storyboard */,
				E7C97F3721B477560044A828 /* Assets.xcassets */,
				E7C97F3921B477560044A828 /* LaunchScreen.storyboard */,
				E7C97F3C21B477560044A828 /* Info.plist */,
			);
			path = AdventOfCode;
			sourceTree = "<group>";
		};
		E7C97F4421B477560044A828 /* AdventOfCodeTests */ = {
			isa = PBXGroup;
			children = (
				E7C97F4721B477560044A828 /* Info.plist */,
				E7C97F6221B4BE470044A828 /* Day1Tests.swift */,
				E7C97F6C21B5C2B50044A828 /* Day2Tests.swift */,
				E7C97F7121B5D3360044A828 /* Day3Tests.swift */,
				E719465821B75D1200F3DA4E /* Day4Tests.swift */,
				E75514D021BAE02E0094FEEE /* Day5Tests.swift */,
			);
			path = AdventOfCodeTests;
			sourceTree = "<group>";
		};
		E7C97F4F21B477560044A828 /* AdventOfCodeUITests */ = {
			isa = PBXGroup;
			children = (
				E7C97F5021B477560044A828 /* AdventOfCodeUITests.swift */,
				E7C97F5221B477560044A828 /* Info.plist */,
			);
			path = AdventOfCodeUITests;
			sourceTree = "<group>";
		};
		E7C97F6421B4BE610044A828 /* Day1 */ = {
			isa = PBXGroup;
			children = (
				E7C97F5E21B477BB0044A828 /* day1-input.txt */,
				E7C97F6021B477D40044A828 /* Day1.swift */,
			);
			path = Day1;
			sourceTree = "<group>";
		};
		E7C97F6521B5C14C0044A828 /* Day2 */ = {
			isa = PBXGroup;
			children = (
				E7C97F6621B5C15D0044A828 /* day2-input.txt */,
				E7C97F6A21B5C23E0044A828 /* Day2.swift */,
			);
			path = Day2;
			sourceTree = "<group>";
		};
		E7C97F6E21B5D2F30044A828 /* Day3 */ = {
			isa = PBXGroup;
			children = (
				E7C97F7321B5D5FE0044A828 /* day3-input.txt */,
				E7C97F7521B5D6070044A828 /* Day3.swift */,
				E7C97F6F21B5D3010044A828 /* Claim.swift */,
			);
			path = Day3;
			sourceTree = "<group>";
		};
/* End PBXGroup section */

/* Begin PBXNativeTarget section */
		E7C97F2C21B477540044A828 /* AdventOfCode */ = {
			isa = PBXNativeTarget;
			buildConfigurationList = E7C97F5521B477560044A828 /* Build configuration list for PBXNativeTarget "AdventOfCode" */;
			buildPhases = (
				E7C97F2921B477540044A828 /* Sources */,
				E7C97F2A21B477540044A828 /* Frameworks */,
				E7C97F2B21B477540044A828 /* Resources */,
			);
			buildRules = (
			);
			dependencies = (
			);
			name = AdventOfCode;
			productName = AdventOfCode;
			productReference = E7C97F2D21B477540044A828 /* AdventOfCode.app */;
			productType = "com.apple.product-type.application";
		};
		E7C97F4021B477560044A828 /* AdventOfCodeTests */ = {
			isa = PBXNativeTarget;
			buildConfigurationList = E7C97F5821B477560044A828 /* Build configuration list for PBXNativeTarget "AdventOfCodeTests" */;
			buildPhases = (
				E7C97F3D21B477560044A828 /* Sources */,
				E7C97F3E21B477560044A828 /* Frameworks */,
				E7C97F3F21B477560044A828 /* Resources */,
			);
			buildRules = (
			);
			dependencies = (
				E7C97F4321B477560044A828 /* PBXTargetDependency */,
			);
			name = AdventOfCodeTests;
			productName = AdventOfCodeTests;
			productReference = E7C97F4121B477560044A828 /* AdventOfCodeTests.xctest */;
			productType = "com.apple.product-type.bundle.unit-test";
		};
		E7C97F4B21B477560044A828 /* AdventOfCodeUITests */ = {
			isa = PBXNativeTarget;
			buildConfigurationList = E7C97F5B21B477560044A828 /* Build configuration list for PBXNativeTarget "AdventOfCodeUITests" */;
			buildPhases = (
				E7C97F4821B477560044A828 /* Sources */,
				E7C97F4921B477560044A828 /* Frameworks */,
				E7C97F4A21B477560044A828 /* Resources */,
			);
			buildRules = (
			);
			dependencies = (
				E7C97F4E21B477560044A828 /* PBXTargetDependency */,
			);
			name = AdventOfCodeUITests;
			productName = AdventOfCodeUITests;
			productReference = E7C97F4C21B477560044A828 /* AdventOfCodeUITests.xctest */;
			productType = "com.apple.product-type.bundle.ui-testing";
		};
/* End PBXNativeTarget section */

/* Begin PBXProject section */
		E7C97F2521B477540044A828 /* Project object */ = {
			isa = PBXProject;
			attributes = {
				LastSwiftUpdateCheck = 1010;
				LastUpgradeCheck = 1010;
				ORGANIZATIONNAME = "Keith Hunter";
				TargetAttributes = {
					E7C97F2C21B477540044A828 = {
						CreatedOnToolsVersion = 10.1;
					};
					E7C97F4021B477560044A828 = {
						CreatedOnToolsVersion = 10.1;
						TestTargetID = E7C97F2C21B477540044A828;
					};
					E7C97F4B21B477560044A828 = {
						CreatedOnToolsVersion = 10.1;
						TestTargetID = E7C97F2C21B477540044A828;
					};
				};
			};
			buildConfigurationList = E7C97F2821B477540044A828 /* Build configuration list for PBXProject "AdventOfCode" */;
			compatibilityVersion = "Xcode 9.3";
			developmentRegion = en;
			hasScannedForEncodings = 0;
			knownRegions = (
				en,
				Base,
			);
			mainGroup = E7C97F2421B477540044A828;
			productRefGroup = E7C97F2E21B477540044A828 /* Products */;
			projectDirPath = "";
			projectRoot = "";
			targets = (
				E7C97F2C21B477540044A828 /* AdventOfCode */,
				E7C97F4021B477560044A828 /* AdventOfCodeTests */,
				E7C97F4B21B477560044A828 /* AdventOfCodeUITests */,
			);
		};
/* End PBXProject section */

/* Begin PBXResourcesBuildPhase section */
		E7C97F2B21B477540044A828 /* Resources */ = {
			isa = PBXResourcesBuildPhase;
			buildActionMask = 2147483647;
			files = (
				E719465721B75CFE00F3DA4E /* day4-input.txt in Resources */,
				E7C97F7421B5D5FE0044A828 /* day3-input.txt in Resources */,
				E7C97F3B21B477560044A828 /* LaunchScreen.storyboard in Resources */,
				E7C97F3821B477560044A828 /* Assets.xcassets in Resources */,
				E75514D621BAE1A10094FEEE /* day5-input.txt in Resources */,
				E7C97F3621B477540044A828 /* Main.storyboard in Resources */,
				E7C97F6721B5C15D0044A828 /* day2-input.txt in Resources */,
				E7C97F5F21B477BB0044A828 /* day1-input.txt in Resources */,
			);
			runOnlyForDeploymentPostprocessing = 0;
		};
		E7C97F3F21B477560044A828 /* Resources */ = {
			isa = PBXResourcesBuildPhase;
			buildActionMask = 2147483647;
			files = (
			);
			runOnlyForDeploymentPostprocessing = 0;
		};
		E7C97F4A21B477560044A828 /* Resources */ = {
			isa = PBXResourcesBuildPhase;
			buildActionMask = 2147483647;
			files = (
			);
			runOnlyForDeploymentPostprocessing = 0;
		};
/* End PBXResourcesBuildPhase section */

/* Begin PBXSourcesBuildPhase section */
		E7C97F2921B477540044A828 /* Sources */ = {
			isa = PBXSourcesBuildPhase;
			buildActionMask = 2147483647;
			files = (
				E719465421B75CDD00F3DA4E /* Day4.swift in Sources */,
				E7C97F7621B5D6070044A828 /* Day3.swift in Sources */,
				E75514D421BAE1790094FEEE /* Day5.swift in Sources */,
				E7C97F3321B477540044A828 /* ViewController.swift in Sources */,
				E7C97F6B21B5C23E0044A828 /* Day2.swift in Sources */,
				E719465B21B75D2E00F3DA4E /* SecurityGuard.swift in Sources */,
				E7C97F6121B477D40044A828 /* Day1.swift in Sources */,
				E75514CF21B833380094FEEE /* SecurityGuardStringProcessor.swift in Sources */,
				E7C97F3121B477540044A828 /* AppDelegate.swift in Sources */,
				E7C97F7021B5D3010044A828 /* Claim.swift in Sources */,
				E7C97F6921B5C1A60044A828 /* Bundle+AOC.swift in Sources */,
			);
			runOnlyForDeploymentPostprocessing = 0;
		};
		E7C97F3D21B477560044A828 /* Sources */ = {
			isa = PBXSourcesBuildPhase;
			buildActionMask = 2147483647;
			files = (
				E7C97F6321B4BE470044A828 /* Day1Tests.swift in Sources */,
				E7C97F6D21B5C2B50044A828 /* Day2Tests.swift in Sources */,
				E7C97F7221B5D3360044A828 /* Day3Tests.swift in Sources */,
				E719465921B75D1200F3DA4E /* Day4Tests.swift in Sources */,
				E75514D121BAE02E0094FEEE /* Day5Tests.swift in Sources */,
			);
			runOnlyForDeploymentPostprocessing = 0;
		};
		E7C97F4821B477560044A828 /* Sources */ = {
			isa = PBXSourcesBuildPhase;
			buildActionMask = 2147483647;
			files = (
				E7C97F5121B477560044A828 /* AdventOfCodeUITests.swift in Sources */,
			);
			runOnlyForDeploymentPostprocessing = 0;
		};
/* End PBXSourcesBuildPhase section */

/* Begin PBXTargetDependency section */
		E7C97F4321B477560044A828 /* PBXTargetDependency */ = {
			isa = PBXTargetDependency;
			target = E7C97F2C21B477540044A828 /* AdventOfCode */;
			targetProxy = E7C97F4221B477560044A828 /* PBXContainerItemProxy */;
		};
		E7C97F4E21B477560044A828 /* PBXTargetDependency */ = {
			isa = PBXTargetDependency;
			target = E7C97F2C21B477540044A828 /* AdventOfCode */;
			targetProxy = E7C97F4D21B477560044A828 /* PBXContainerItemProxy */;
		};
/* End PBXTargetDependency section */

/* Begin PBXVariantGroup section */
		E7C97F3421B477540044A828 /* Main.storyboard */ = {
			isa = PBXVariantGroup;
			children = (
				E7C97F3521B477540044A828 /* Base */,
			);
			name = Main.storyboard;
			sourceTree = "<group>";
		};
		E7C97F3921B477560044A828 /* LaunchScreen.storyboard */ = {
			isa = PBXVariantGroup;
			children = (
				E7C97F3A21B477560044A828 /* Base */,
			);
			name = LaunchScreen.storyboard;
			sourceTree = "<group>";
		};
/* End PBXVariantGroup section */

/* Begin XCBuildConfiguration section */
		E7C97F5321B477560044A828 /* Debug */ = {
			isa = XCBuildConfiguration;
			buildSettings = {
				ALWAYS_SEARCH_USER_PATHS = NO;
				CLANG_ANALYZER_NONNULL = YES;
				CLANG_ANALYZER_NUMBER_OBJECT_CONVERSION = YES_AGGRESSIVE;
				CLANG_CXX_LANGUAGE_STANDARD = "gnu++14";
				CLANG_CXX_LIBRARY = "libc++";
				CLANG_ENABLE_MODULES = YES;
				CLANG_ENABLE_OBJC_ARC = YES;
				CLANG_ENABLE_OBJC_WEAK = YES;
				CLANG_WARN_BLOCK_CAPTURE_AUTORELEASING = YES;
				CLANG_WARN_BOOL_CONVERSION = YES;
				CLANG_WARN_COMMA = YES;
				CLANG_WARN_CONSTANT_CONVERSION = YES;
				CLANG_WARN_DEPRECATED_OBJC_IMPLEMENTATIONS = YES;
				CLANG_WARN_DIRECT_OBJC_ISA_USAGE = YES_ERROR;
				CLANG_WARN_DOCUMENTATION_COMMENTS = YES;
				CLANG_WARN_EMPTY_BODY = YES;
				CLANG_WARN_ENUM_CONVERSION = YES;
				CLANG_WARN_INFINITE_RECURSION = YES;
				CLANG_WARN_INT_CONVERSION = YES;
				CLANG_WARN_NON_LITERAL_NULL_CONVERSION = YES;
				CLANG_WARN_OBJC_IMPLICIT_RETAIN_SELF = YES;
				CLANG_WARN_OBJC_LITERAL_CONVERSION = YES;
				CLANG_WARN_OBJC_ROOT_CLASS = YES_ERROR;
				CLANG_WARN_RANGE_LOOP_ANALYSIS = YES;
				CLANG_WARN_STRICT_PROTOTYPES = YES;
				CLANG_WARN_SUSPICIOUS_MOVE = YES;
				CLANG_WARN_UNGUARDED_AVAILABILITY = YES_AGGRESSIVE;
				CLANG_WARN_UNREACHABLE_CODE = YES;
				CLANG_WARN__DUPLICATE_METHOD_MATCH = YES;
				CODE_SIGN_IDENTITY = "iPhone Developer";
				COPY_PHASE_STRIP = NO;
				DEBUG_INFORMATION_FORMAT = dwarf;
				ENABLE_STRICT_OBJC_MSGSEND = YES;
				ENABLE_TESTABILITY = YES;
				GCC_C_LANGUAGE_STANDARD = gnu11;
				GCC_DYNAMIC_NO_PIC = NO;
				GCC_NO_COMMON_BLOCKS = YES;
				GCC_OPTIMIZATION_LEVEL = 0;
				GCC_PREPROCESSOR_DEFINITIONS = (
					"DEBUG=1",
					"$(inherited)",
				);
				GCC_WARN_64_TO_32_BIT_CONVERSION = YES;
				GCC_WARN_ABOUT_RETURN_TYPE = YES_ERROR;
				GCC_WARN_UNDECLARED_SELECTOR = YES;
				GCC_WARN_UNINITIALIZED_AUTOS = YES_AGGRESSIVE;
				GCC_WARN_UNUSED_FUNCTION = YES;
				GCC_WARN_UNUSED_VARIABLE = YES;
				IPHONEOS_DEPLOYMENT_TARGET = 12.1;
				MTL_ENABLE_DEBUG_INFO = INCLUDE_SOURCE;
				MTL_FAST_MATH = YES;
				ONLY_ACTIVE_ARCH = YES;
				SDKROOT = iphoneos;
				SWIFT_ACTIVE_COMPILATION_CONDITIONS = DEBUG;
				SWIFT_OPTIMIZATION_LEVEL = "-Onone";
			};
			name = Debug;
		};
		E7C97F5421B477560044A828 /* Release */ = {
			isa = XCBuildConfiguration;
			buildSettings = {
				ALWAYS_SEARCH_USER_PATHS = NO;
				CLANG_ANALYZER_NONNULL = YES;
				CLANG_ANALYZER_NUMBER_OBJECT_CONVERSION = YES_AGGRESSIVE;
				CLANG_CXX_LANGUAGE_STANDARD = "gnu++14";
				CLANG_CXX_LIBRARY = "libc++";
				CLANG_ENABLE_MODULES = YES;
				CLANG_ENABLE_OBJC_ARC = YES;
				CLANG_ENABLE_OBJC_WEAK = YES;
				CLANG_WARN_BLOCK_CAPTURE_AUTORELEASING = YES;
				CLANG_WARN_BOOL_CONVERSION = YES;
				CLANG_WARN_COMMA = YES;
				CLANG_WARN_CONSTANT_CONVERSION = YES;
				CLANG_WARN_DEPRECATED_OBJC_IMPLEMENTATIONS = YES;
				CLANG_WARN_DIRECT_OBJC_ISA_USAGE = YES_ERROR;
				CLANG_WARN_DOCUMENTATION_COMMENTS = YES;
				CLANG_WARN_EMPTY_BODY = YES;
				CLANG_WARN_ENUM_CONVERSION = YES;
				CLANG_WARN_INFINITE_RECURSION = YES;
				CLANG_WARN_INT_CONVERSION = YES;
				CLANG_WARN_NON_LITERAL_NULL_CONVERSION = YES;
				CLANG_WARN_OBJC_IMPLICIT_RETAIN_SELF = YES;
				CLANG_WARN_OBJC_LITERAL_CONVERSION = YES;
				CLANG_WARN_OBJC_ROOT_CLASS = YES_ERROR;
				CLANG_WARN_RANGE_LOOP_ANALYSIS = YES;
				CLANG_WARN_STRICT_PROTOTYPES = YES;
				CLANG_WARN_SUSPICIOUS_MOVE = YES;
				CLANG_WARN_UNGUARDED_AVAILABILITY = YES_AGGRESSIVE;
				CLANG_WARN_UNREACHABLE_CODE = YES;
				CLANG_WARN__DUPLICATE_METHOD_MATCH = YES;
				CODE_SIGN_IDENTITY = "iPhone Developer";
				COPY_PHASE_STRIP = NO;
				DEBUG_INFORMATION_FORMAT = "dwarf-with-dsym";
				ENABLE_NS_ASSERTIONS = NO;
				ENABLE_STRICT_OBJC_MSGSEND = YES;
				GCC_C_LANGUAGE_STANDARD = gnu11;
				GCC_NO_COMMON_BLOCKS = YES;
				GCC_WARN_64_TO_32_BIT_CONVERSION = YES;
				GCC_WARN_ABOUT_RETURN_TYPE = YES_ERROR;
				GCC_WARN_UNDECLARED_SELECTOR = YES;
				GCC_WARN_UNINITIALIZED_AUTOS = YES_AGGRESSIVE;
				GCC_WARN_UNUSED_FUNCTION = YES;
				GCC_WARN_UNUSED_VARIABLE = YES;
				IPHONEOS_DEPLOYMENT_TARGET = 12.1;
				MTL_ENABLE_DEBUG_INFO = NO;
				MTL_FAST_MATH = YES;
				SDKROOT = iphoneos;
				SWIFT_COMPILATION_MODE = wholemodule;
				SWIFT_OPTIMIZATION_LEVEL = "-O";
				VALIDATE_PRODUCT = YES;
			};
			name = Release;
		};
		E7C97F5621B477560044A828 /* Debug */ = {
			isa = XCBuildConfiguration;
			buildSettings = {
				ASSETCATALOG_COMPILER_APPICON_NAME = AppIcon;
				CODE_SIGN_STYLE = Automatic;
				DEVELOPMENT_TEAM = 45663MH36J;
				INFOPLIST_FILE = AdventOfCode/Info.plist;
				LD_RUNPATH_SEARCH_PATHS = (
					"$(inherited)",
					"@executable_path/Frameworks",
				);
				PRODUCT_BUNDLE_IDENTIFIER = keith.AdventOfCode;
				PRODUCT_NAME = "$(TARGET_NAME)";
				SWIFT_VERSION = 4.2;
				TARGETED_DEVICE_FAMILY = "1,2";
			};
			name = Debug;
		};
		E7C97F5721B477560044A828 /* Release */ = {
			isa = XCBuildConfiguration;
			buildSettings = {
				ASSETCATALOG_COMPILER_APPICON_NAME = AppIcon;
				CODE_SIGN_STYLE = Automatic;
				DEVELOPMENT_TEAM = 45663MH36J;
				INFOPLIST_FILE = AdventOfCode/Info.plist;
				LD_RUNPATH_SEARCH_PATHS = (
					"$(inherited)",
					"@executable_path/Frameworks",
				);
				PRODUCT_BUNDLE_IDENTIFIER = keith.AdventOfCode;
				PRODUCT_NAME = "$(TARGET_NAME)";
				SWIFT_VERSION = 4.2;
				TARGETED_DEVICE_FAMILY = "1,2";
			};
			name = Release;
		};
		E7C97F5921B477560044A828 /* Debug */ = {
			isa = XCBuildConfiguration;
			buildSettings = {
				ALWAYS_EMBED_SWIFT_STANDARD_LIBRARIES = YES;
				BUNDLE_LOADER = "$(TEST_HOST)";
				CODE_SIGN_STYLE = Automatic;
				INFOPLIST_FILE = AdventOfCodeTests/Info.plist;
				LD_RUNPATH_SEARCH_PATHS = (
					"$(inherited)",
					"@executable_path/Frameworks",
					"@loader_path/Frameworks",
				);
				PRODUCT_BUNDLE_IDENTIFIER = keith.AdventOfCodeTests;
				PRODUCT_NAME = "$(TARGET_NAME)";
				SWIFT_VERSION = 4.2;
				TARGETED_DEVICE_FAMILY = "1,2";
				TEST_HOST = "$(BUILT_PRODUCTS_DIR)/AdventOfCode.app/AdventOfCode";
			};
			name = Debug;
		};
		E7C97F5A21B477560044A828 /* Release */ = {
			isa = XCBuildConfiguration;
			buildSettings = {
				ALWAYS_EMBED_SWIFT_STANDARD_LIBRARIES = YES;
				BUNDLE_LOADER = "$(TEST_HOST)";
				CODE_SIGN_STYLE = Automatic;
				INFOPLIST_FILE = AdventOfCodeTests/Info.plist;
				LD_RUNPATH_SEARCH_PATHS = (
					"$(inherited)",
					"@executable_path/Frameworks",
					"@loader_path/Frameworks",
				);
				PRODUCT_BUNDLE_IDENTIFIER = keith.AdventOfCodeTests;
				PRODUCT_NAME = "$(TARGET_NAME)";
				SWIFT_VERSION = 4.2;
				TARGETED_DEVICE_FAMILY = "1,2";
				TEST_HOST = "$(BUILT_PRODUCTS_DIR)/AdventOfCode.app/AdventOfCode";
			};
			name = Release;
		};
		E7C97F5C21B477560044A828 /* Debug */ = {
			isa = XCBuildConfiguration;
			buildSettings = {
				ALWAYS_EMBED_SWIFT_STANDARD_LIBRARIES = YES;
				CODE_SIGN_STYLE = Automatic;
				INFOPLIST_FILE = AdventOfCodeUITests/Info.plist;
				LD_RUNPATH_SEARCH_PATHS = (
					"$(inherited)",
					"@executable_path/Frameworks",
					"@loader_path/Frameworks",
				);
				PRODUCT_BUNDLE_IDENTIFIER = keith.AdventOfCodeUITests;
				PRODUCT_NAME = "$(TARGET_NAME)";
				SWIFT_VERSION = 4.2;
				TARGETED_DEVICE_FAMILY = "1,2";
				TEST_TARGET_NAME = AdventOfCode;
			};
			name = Debug;
		};
		E7C97F5D21B477560044A828 /* Release */ = {
			isa = XCBuildConfiguration;
			buildSettings = {
				ALWAYS_EMBED_SWIFT_STANDARD_LIBRARIES = YES;
				CODE_SIGN_STYLE = Automatic;
				INFOPLIST_FILE = AdventOfCodeUITests/Info.plist;
				LD_RUNPATH_SEARCH_PATHS = (
					"$(inherited)",
					"@executable_path/Frameworks",
					"@loader_path/Frameworks",
				);
				PRODUCT_BUNDLE_IDENTIFIER = keith.AdventOfCodeUITests;
				PRODUCT_NAME = "$(TARGET_NAME)";
				SWIFT_VERSION = 4.2;
				TARGETED_DEVICE_FAMILY = "1,2";
				TEST_TARGET_NAME = AdventOfCode;
			};
			name = Release;
		};
/* End XCBuildConfiguration section */

/* Begin XCConfigurationList section */
		E7C97F2821B477540044A828 /* Build configuration list for PBXProject "AdventOfCode" */ = {
			isa = XCConfigurationList;
			buildConfigurations = (
				E7C97F5321B477560044A828 /* Debug */,
				E7C97F5421B477560044A828 /* Release */,
			);
			defaultConfigurationIsVisible = 0;
			defaultConfigurationName = Release;
		};
		E7C97F5521B477560044A828 /* Build configuration list for PBXNativeTarget "AdventOfCode" */ = {
			isa = XCConfigurationList;
			buildConfigurations = (
				E7C97F5621B477560044A828 /* Debug */,
				E7C97F5721B477560044A828 /* Release */,
			);
			defaultConfigurationIsVisible = 0;
			defaultConfigurationName = Release;
		};
		E7C97F5821B477560044A828 /* Build configuration list for PBXNativeTarget "AdventOfCodeTests" */ = {
			isa = XCConfigurationList;
			buildConfigurations = (
				E7C97F5921B477560044A828 /* Debug */,
				E7C97F5A21B477560044A828 /* Release */,
			);
			defaultConfigurationIsVisible = 0;
			defaultConfigurationName = Release;
		};
		E7C97F5B21B477560044A828 /* Build configuration list for PBXNativeTarget "AdventOfCodeUITests" */ = {
			isa = XCConfigurationList;
			buildConfigurations = (
				E7C97F5C21B477560044A828 /* Debug */,
				E7C97F5D21B477560044A828 /* Release */,
			);
			defaultConfigurationIsVisible = 0;
			defaultConfigurationName = Release;
		};
/* End XCConfigurationList section */
	};
	rootObject = E7C97F2521B477540044A828 /* Project object */;
}
